Microsoft Visual Studio Solution File, Format Version 11.00
# Visual Studio 2008

Project("{91021983-93A4-074E-B98F-331FBF61C789}") = "Billiards", "Assembly-CSharp-firstpass-vs.csproj", "{0E6535EB-481C-8912-6386-1CD585F36FEA}"
EndProject
Project("{91021983-93A4-074E-B98F-331FBF61C789}") = "Billiards", "Assembly-CSharp-vs.csproj", "{52DD5F03-5C8E-9423-FA22-F1FC992E99D4}"
EndProject
Project("{91021983-93A4-074E-B98F-331FBF61C789}") = "Billiards", "Assembly-CSharp-Editor-vs.csproj", "{A325DCCB-714F-B9AA-973C-383A27392C6A}"
EndProject
Global
	GlobalSection(SolutionConfigurationPlatforms) = preSolution
		Debug|Any CPU = Debug|Any CPU
		Release|Any CPU = Release|Any CPU
	EndGlobalSection
	GlobalSection(ProjectConfigurationPlatforms) = postSolution
		{0E6535EB-481C-8912-6386-1CD585F36FEA}.Debug|Any CPU.ActiveCfg = Debug|Any CPU
		{0E6535EB-481C-8912-6386-1CD585F36FEA}.Debug|Any CPU.Build.0 = Debug|Any CPU
		{0E6535EB-481C-8912-6386-1CD585F36FEA}.Release|Any CPU.ActiveCfg = Release|Any CPU
		{0E6535EB-481C-8912-6386-1CD585F36FEA}.Release|Any CPU.Build.0 = Release|Any CPU
		{52DD5F03-5C8E-9423-FA22-F1FC992E99D4}.Debug|Any CPU.ActiveCfg = Debug|Any CPU
		{52DD5F03-5C8E-9423-FA22-F1FC992E99D4}.Debug|Any CPU.Build.0 = Debug|Any CPU
		{52DD5F03-5C8E-9423-FA22-F1FC992E99D4}.Release|Any CPU.ActiveCfg = Release|Any CPU
		{52DD5F03-5C8E-9423-FA22-F1FC992E99D4}.Release|Any CPU.Build.0 = Release|Any CPU
		{A325DCCB-714F-B9AA-973C-383A27392C6A}.Debug|Any CPU.ActiveCfg = Debug|Any CPU
		{A325DCCB-714F-B9AA-973C-383A27392C6A}.Debug|Any CPU.Build.0 = Debug|Any CPU
		{A325DCCB-714F-B9AA-973C-383A27392C6A}.Release|Any CPU.ActiveCfg = Release|Any CPU
		{A325DCCB-714F-B9AA-973C-383A27392C6A}.Release|Any CPU.Build.0 = Release|Any CPU
	EndGlobalSection
	GlobalSection(SolutionProperties) = preSolution
		HideSolutionNode = FALSE
	EndGlobalSection
																																																																																																																																																																																																																																							GlobalSection(MonoDevelopProperties) = preSolution
		StartupItem = Assembly-CSharp.csproj
		Policies = $0
		$0.TextStylePolicy = $1
		$1.inheritsSet = null
		$1.scope = text/x-csharp
		$0.CSharpFormattingPolicy = $2
		$2.inheritsSet = Mono
		$2.inheritsScope = text/x-csharp
		$2.scope = text/x-csharp
		$0.TextStylePolicy = $3
		$3.FileWidth = 120
		$3.TabWidth = 4
		$3.EolMarker = Unix
		$3.inheritsSet = Mono
		$3.inheritsScope = text/plain
		$3.scope = text/plain
	EndGlobalSection

EndGlobal
